
Microsoft Visual Studio Solution File, Format Version 12.00
# Visual Studio Version 17
VisualStudioVersion = 17.5.002.0
MinimumVisualStudioVersion = 10.0.40219.1
Project("{9A19103F-16F7-4668-BE54-9A1E7A4F7556}") = "ProductManagerWebAPI", "ProductManagerWebAPI.csproj", "{692BD839-CEAF-4A15-996F-4E4BF046596B}"
EndProject
Global
	GlobalSection(SolutionConfigurationPlatforms) = preSolution
		Debug|Any CPU = Debug|Any CPU
		Release|Any CPU = Release|Any CPU
	EndGlobalSection
	GlobalSection(ProjectConfigurationPlatforms) = postSolution
		{692BD839-CEAF-4A15-996F-4E4BF046596B}.Debug|Any CPU.ActiveCfg = Debug|Any CPU
		{692BD839-CEAF-4A15-996F-4E4BF046596B}.Debug|Any CPU.Build.0 = Debug|Any CPU
		{692BD839-CEAF-4A15-996F-4E4BF046596B}.Release|Any CPU.ActiveCfg = Release|Any CPU
		{692BD839-CEAF-4A15-996F-4E4BF046596B}.Release|Any CPU.Build.0 = Release|Any CPU
	EndGlobalSection
	GlobalSection(SolutionProperties) = preSolution
		HideSolutionNode = FALSE
	EndGlobalSection
	GlobalSection(ExtensibilityGlobals) = postSolution
		SolutionGuid = {D5156D60-2B2A-4D36-85DC-EE94CC5CAF9F}
	EndGlobalSection
EndGlobal
